
Microsoft Visual Studio Solution File, Format Version 12.00
# Visual Studio Version 17
VisualStudioVersion = 17.13.35806.99
MinimumVisualStudioVersion = 10.0.40219.1
Project("{FAE04EC0-301F-11D3-BF4B-00C04F79EFBC}") = "PicDrop", "ImageUploader\PicDrop.csproj", "{6BDDF5D1-AD4E-4FB2-8DE5-A1ABBFB2A08F}"
EndProject
Global
	GlobalSection(SolutionConfigurationPlatforms) = preSolution
		Debug|Any CPU = Debug|Any CPU
		Release|Any CPU = Release|Any CPU
	EndGlobalSection
	GlobalSection(ProjectConfigurationPlatforms) = postSolution
		{6BDDF5D1-AD4E-4FB2-8DE5-A1ABBFB2A08F}.Debug|Any CPU.ActiveCfg = Debug|Any CPU
		{6BDDF5D1-AD4E-4FB2-8DE5-A1ABBFB2A08F}.Debug|Any CPU.Build.0 = Debug|Any CPU
		{6BDDF5D1-AD4E-4FB2-8DE5-A1ABBFB2A08F}.Release|Any CPU.ActiveCfg = Release|Any CPU
		{6BDDF5D1-AD4E-4FB2-8DE5-A1ABBFB2A08F}.Release|Any CPU.Build.0 = Release|Any CPU
	EndGlobalSection
	GlobalSection(SolutionProperties) = preSolution
		HideSolutionNode = FALSE
	EndGlobalSection
	GlobalSection(ExtensibilityGlobals) = postSolution
		SolutionGuid = {DDD1D118-756B-4B53-978B-7E6919AF535C}
	EndGlobalSection
EndGlobal
